{
    "_meta": {
        "hash": {
            "sha256": "8fffd85652521839fb770389e1c181837ba1264cb6052e53bc3a1be0f58cfcb0"
        },
        "pipfile-spec": 6,
        "requires": {
            "python_version": "3.7"
        },
        "sources": [
            {
                "name": "pypi",
                "url": "https://pypi.org/simple",
                "verify_ssl": true
            }
        ]
    },
    "default": {
        "boto3": {
            "hashes": [
                "sha256:41ea196ff71ee0255ad164790319ec158fd5048de915173e8b21226650a0512f",
                "sha256:b832c75386a4c5b7194acea1ae82dc309fddd69e660731350235d19cf70d8014"
            ],
            "index": "pypi",
            "version": "==1.20.17"
        },
        "botocore": {
            "hashes": [
                "sha256:06ae8076c4dcf3d72bec4d37e5f2dce4a92a18a8cdaa3bfaa6e3b7b5e30a8d7e",
                "sha256:4bb9ba16cccee5f5a2602049bc3e2db6865346b2550667f3013bdf33b0a01ceb"
            ],
            "markers": "python_version >= '3.6'",
            "version": "==1.23.54"
        },
        "certifi": {
            "hashes": [
                "sha256:0d9c601124e5a6ba9712dbc60d9c53c21e34f5f641fe83002317394311bdce14",
                "sha256:90c1a32f1d68f940488354e36370f6cca89f0f106db09518524c88d6ed83f382"
            ],
            "markers": "python_version >= '3.6'",
            "version": "==2022.9.24"
        },
        "charset-normalizer": {
            "hashes": [
                "sha256:2857e29ff0d34db842cd7ca3230549d1a697f96ee6d3fb071cfa6c7393832597",
                "sha256:6881edbebdb17b39b4eaaa821b438bf6eddffb4468cf344f09f89def34a8b1df"
            ],
            "markers": "python_version >= '3'",
            "version": "==2.0.12"
        },
        "django": {
            "hashes": [
                "sha256:16040e1288c6c9f68c6da2fe75ebde83c0a158f6f5d54f4c5177b0c1478c5b86",
                "sha256:89c2007ca4fa5b351a51a279eccff298520783b713bf28efb89dfb81c80ea49b"
            ],
            "index": "pypi",
            "version": "==2.2.7"
        },
        "django-stdimage": {
            "hashes": [
                "sha256:95f2897f5a520f18e0d0097cc8cb1380db9127ead1abe66a5e048cd7bd4a2295",
                "sha256:fb9d6bf86664873194fcc378193d81405aa4989eceadb4bcce6bb52588801934"
            ],
            "index": "pypi",
            "version": "==5.3.0"
        },
        "django-storages": {
            "hashes": [
                "sha256:204a99f218b747c46edbfeeb1310d357f83f90fa6a6024d8d0a3f422570cee84",
                "sha256:a475edb2f0f04c4f7e548919a751ecd50117270833956ed5bd585c0575d2a5e7"
            ],
            "index": "pypi",
            "version": "==1.12.3"
        },
        "djangorestframework": {
            "hashes": [
                "sha256:6d1d59f623a5ad0509fe0d6bfe93cbdfe17b8116ebc8eda86d45f6e16e819aaf",
                "sha256:f747949a8ddac876e879190df194b925c177cdeb725a099db1460872f7c0a7f2"
            ],
            "index": "pypi",
            "version": "==3.12.4"
        },
        "gunicorn": {
            "hashes": [
                "sha256:9dcc4547dbb1cb284accfb15ab5667a0e5d1881cc443e0677b4882a4067a807e",
                "sha256:e0a968b5ba15f8a328fdfd7ab1fcb5af4470c28aaf7e55df02a99bc13138e6e8"
            ],
            "index": "pypi",
            "version": "==20.1.0"
        },
        "idna": {
            "hashes": [
                "sha256:814f528e8dead7d329833b91c5faa87d60bf71824cd12a7530b5526063d02cb4",
                "sha256:90b77e79eaa3eba6de819a0c442c0b4ceefc341a7a2ab77d7562bf49f425c5c2"
            ],
            "markers": "python_version >= '3'",
            "version": "==3.4"
        },
        "jmespath": {
            "hashes": [
                "sha256:b85d0567b8666149a93172712e68920734333c0ce7e89b78b3e987f71e5ed4f9",
                "sha256:cdf6525904cc597730141d61b36f2e4b8ecc257c420fa2f4549bac2c2d0cb72f"
            ],
            "markers": "python_version >= '2.6' and python_version not in '3.0, 3.1, 3.2, 3.3'",
            "version": "==0.10.0"
        },
        "pillow": {
            "hashes": [
                "sha256:03150abd92771742d4a8cd6f2fa6246d847dcd2e332a18d0c15cc75bf6703040",
                "sha256:073adb2ae23431d3b9bcbcff3fe698b62ed47211d0716b067385538a1b0f28b8",
                "sha256:0b07fffc13f474264c336298d1b4ce01d9c5a011415b79d4ee5527bb69ae6f65",
                "sha256:0b7257127d646ff8676ec8a15520013a698d1fdc48bc2a79ba4e53df792526f2",
                "sha256:12ce4932caf2ddf3e41d17fc9c02d67126935a44b86df6a206cf0d7161548627",
                "sha256:15c42fb9dea42465dfd902fb0ecf584b8848ceb28b41ee2b58f866411be33f07",
                "sha256:18498994b29e1cf86d505edcb7edbe814d133d2232d256db8c7a8ceb34d18cef",
                "sha256:1c7c8ae3864846fc95f4611c78129301e203aaa2af813b703c55d10cc1628535",
                "sha256:22b012ea2d065fd163ca096f4e37e47cd8b59cf4b0fd47bfca6abb93df70b34c",
                "sha256:276a5ca930c913f714e372b2591a22c4bd3b81a418c0f6635ba832daec1cbcfc",
                "sha256:2e0918e03aa0c72ea56edbb00d4d664294815aa11291a11504a377ea018330d3",
                "sha256:3033fbe1feb1b59394615a1cafaee85e49d01b51d54de0cbf6aa8e64182518a1",
                "sha256:3168434d303babf495d4ba58fc22d6604f6e2afb97adc6a423e917dab828939c",
                "sha256:32a44128c4bdca7f31de5be641187367fe2a450ad83b833ef78910397db491aa",
                "sha256:3dd6caf940756101205dffc5367babf288a30043d35f80936f9bfb37f8355b32",
                "sha256:40e1ce476a7804b0fb74bcfa80b0a2206ea6a882938eaba917f7a0f004b42502",
                "sha256:41e0051336807468be450d52b8edd12ac60bebaa97fe10c8b660f116e50b30e4",
                "sha256:4390e9ce199fc1951fcfa65795f239a8a4944117b5935a9317fb320e7767b40f",
                "sha256:502526a2cbfa431d9fc2a079bdd9061a2397b842bb6bc4239bb176da00993812",
                "sha256:51e0e543a33ed92db9f5ef69a0356e0b1a7a6b6a71b80df99f1d181ae5875636",
                "sha256:57751894f6618fd4308ed8e0c36c333e2f5469744c34729a27532b3db106ee20",
                "sha256:5d77adcd56a42d00cc1be30843d3426aa4e660cab4a61021dc84467123f7a00c",
                "sha256:655a83b0058ba47c7c52e4e2df5ecf484c1b0b0349805896dd350cbc416bdd91",
                "sha256:68943d632f1f9e3dce98908e873b3a090f6cba1cbb1b892a9e8d97c938871fbe",
                "sha256:6c738585d7a9961d8c2821a1eb3dcb978d14e238be3d70f0a706f7fa9316946b",
                "sha256:73bd195e43f3fadecfc50c682f5055ec32ee2c933243cafbfdec69ab1aa87cad",
                "sha256:772a91fc0e03eaf922c63badeca75e91baa80fe2f5f87bdaed4280662aad25c9",
                "sha256:77ec3e7be99629898c9a6d24a09de089fa5356ee408cdffffe62d67bb75fdd72",
                "sha256:7db8b751ad307d7cf238f02101e8e36a128a6cb199326e867d1398067381bff4",
                "sha256:801ec82e4188e935c7f5e22e006d01611d6b41661bba9fe45b60e7ac1a8f84de",
                "sha256:82409ffe29d70fd733ff3c1025a602abb3e67405d41b9403b00b01debc4c9a29",
                "sha256:828989c45c245518065a110434246c44a56a8b2b2f6347d1409c787e6e4651ee",
                "sha256:829f97c8e258593b9daa80638aee3789b7df9da5cf1336035016d76f03b8860c",
                "sha256:871b72c3643e516db4ecf20efe735deb27fe30ca17800e661d769faab45a18d7",
                "sha256:89dca0ce00a2b49024df6325925555d406b14aa3efc2f752dbb5940c52c56b11",
                "sha256:90fb88843d3902fe7c9586d439d1e8c05258f41da473952aa8b328d8b907498c",
                "sha256:97aabc5c50312afa5e0a2b07c17d4ac5e865b250986f8afe2b02d772567a380c",
                "sha256:9aaa107275d8527e9d6e7670b64aabaaa36e5b6bd71a1015ddd21da0d4e06448",
                "sha256:9f47eabcd2ded7698106b05c2c338672d16a6f2a485e74481f524e2a23c2794b",
                "sha256:a0a06a052c5f37b4ed81c613a455a81f9a3a69429b4fd7bb913c3fa98abefc20",
                "sha256:ab388aaa3f6ce52ac1cb8e122c4bd46657c15905904b3120a6248b5b8b0bc228",
                "sha256:ad58d27a5b0262c0c19b47d54c5802db9b34d38bbf886665b626aff83c74bacd",
                "sha256:ae5331c23ce118c53b172fa64a4c037eb83c9165aba3a7ba9ddd3ec9fa64a699",
                "sha256:af0372acb5d3598f36ec0914deed2a63f6bcdb7b606da04dc19a88d31bf0c05b",
                "sha256:afa4107d1b306cdf8953edde0534562607fe8811b6c4d9a486298ad31de733b2",
                "sha256:b03ae6f1a1878233ac620c98f3459f79fd77c7e3c2b20d460284e1fb370557d4",
                "sha256:b0915e734b33a474d76c28e07292f196cdf2a590a0d25bcc06e64e545f2d146c",
                "sha256:b4012d06c846dc2b80651b120e2cdd787b013deb39c09f407727ba90015c684f",
                "sha256:b472b5ea442148d1c3e2209f20f1e0bb0eb556538690fa70b5e1f79fa0ba8dc2",
                "sha256:b59430236b8e58840a0dfb4099a0e8717ffb779c952426a69ae435ca1f57210c",
                "sha256:b90f7616ea170e92820775ed47e136208e04c967271c9ef615b6fbd08d9af0e3",
                "sha256:b9a65733d103311331875c1dca05cb4606997fd33d6acfed695b1232ba1df193",
                "sha256:bac18ab8d2d1e6b4ce25e3424f709aceef668347db8637c2296bcf41acb7cf48",
                "sha256:bca31dd6014cb8b0b2db1e46081b0ca7d936f856da3b39744aef499db5d84d02",
                "sha256:be55f8457cd1eac957af0c3f5ece7bc3f033f89b114ef30f710882717670b2a8",
                "sha256:c7025dce65566eb6e89f56c9509d4f628fddcedb131d9465cacd3d8bac337e7e",
                "sha256:c935a22a557a560108d780f9a0fc426dd7459940dc54faa49d83249c8d3e760f",
                "sha256:dbb8e7f2abee51cef77673be97760abff1674ed32847ce04b4af90f610144c7b",
                "sha256:e6ea6b856a74d560d9326c0f5895ef8050126acfdc7ca08ad703eb0081e82b74",
                "sha256:ebf2029c1f464c59b8bdbe5143c79fa2045a581ac53679733d3a91d400ff9efb",
                "sha256:f1ff2ee69f10f13a9596480335f406dd1f70c3650349e2be67ca3139280cade0"
            ],
            "index": "pypi",
            "version": "==9.3.0"
        },
        "psycopg2-binary": {
            "hashes": [
                "sha256:029e09a892b9ebc3c77851f69ce0720e1b72a9c6850460cee49b14dfbf9ccdd2",
                "sha256:108b0380969ddab7c8ef2a813a57f87b308b2f88ec15f1a1e7b653964a3cfb25",
                "sha256:14427437117f38e65f71db65d8eafd0e86837be456567798712b8da89db2b2dd",
                "sha256:234b1f48488b2f86aac04fb00cb04e5e9bcb960f34fa8a8e41b73149d581a93b",
                "sha256:2e4bbcfb403221ea1953f3e0a85cef00ed15c1683a66cf35c956a7e37c33a4c4",
                "sha256:2eecbdc5fa5886f2dd6cc673ce4291cc0fb8900965315268960ad9c2477f8276",
                "sha256:37c8f00f7a2860bac9f7a54f03c243fc1dd9b367e5b2b52f5a02e5f4e9d8c49b",
                "sha256:3865d0cd919349c45603bd7e80249a382c5ecf8106304cfd153282adf9684b6a",
                "sha256:3a320e7a804f3886a599fea507364aaafbb8387027fffcdfbd34d96316c806c7",
                "sha256:3ac83656ff4fbe7f2a956ab085e3eb1d678df54759965d509bdd6a06ce520d49",
                "sha256:497372cc76e6cbce2f51b37be141f360a321423c03eb9be45524b1d123f4cd11",
                "sha256:4c2dea4deac3dd3687e32daeb0712ee96c535970dfdded37a11de6a21145ab0e",
                "sha256:53912199abb626a7249c662e72b70b4f57bf37f840599cec68625171435790dd",
                "sha256:5671699aff57d22a245b7f4bba89e3de97dc841c5e98bd7f685429b2b20eca47",
                "sha256:578c279cd1ce04f05ae0912530ece00bab92854911808e5aec27588aba87e361",
                "sha256:717525cdc97b23182ff6f470fb5bf6f0bc796b5a7000c6f6699d6679991e4a5e",
                "sha256:7585ca73dcfe326f31fafa8f96e6bb98ea9e9e46c7a1924ec8101d797914ae27",
                "sha256:7e6bd4f532c2cd297b81114526176b240109a1c52020adca69c3f3226c65dc18",
                "sha256:8d2aafe46eb87742425ece38130510fbb035787ee89a329af299029c4d9ae318",
                "sha256:9c0aaad07941419926b9bd00171e49fe6b06e42e5527fb91671e137fe6c93d77",
                "sha256:a04cfa231e7d9b63639e62166a4051cb47ca599fa341463fa3e1c48585fcee64",
                "sha256:a1852c5bef7e5f52bd43fde5eda610d4df0fb2efc31028150933e84b4140d47a",
                "sha256:a507db7758953b1b170c4310691a1a89877029b1e11b08ba5fc8ae3ddb35596b",
                "sha256:a77e98c68b0e6c51d4d6a994d22b30e77276cbd33e4aabdde03b9ad3a2c148aa",
                "sha256:aa2847d8073951dbc84c4f8b32c620764db3c2eb0d99a04835fecfab7d04816e",
                "sha256:b592f09ff18cfcc9037b9a976fcd62db48cae9dbd5385f2471d4c2ba40c52b4d",
                "sha256:b9d45374ba98c1184df9cce93a0b766097544f8bdfcd5de83ff10f939c193125",
                "sha256:bf31e6fdb4ec1f6d98a07f48836508ed6edd19b48b13bbf168fbc1bd014b4ca2",
                "sha256:c0e1fb7097ded2cc44d9037cfc68ad86a30341261492e7de95d180e534969fb2",
                "sha256:c6e16e085fe6dc6c099ee0be56657aa9ad71027465ef9591d302ba230c404c7e",
                "sha256:daf6b5c62eb738872d61a1fa740d7768904911ba5a7e055ed72169d379b58beb",
                "sha256:db1b03c189f85b8df29030ad32d521dd7dcb862fd5f8892035314f5b886e70ce",
                "sha256:eeee7b18c51d02e49bf1984d7af26e8843fe68e31fa1cbab5366ebdfa1c89ade",
                "sha256:ef97578fab5115e3af4334dd3376dea3c3a79328a3314b21ec7ced02920b916d",
                "sha256:f4dff0f15af6936c6fe6da7067b4216edbbe076ad8625da819cc066591b1133c",
                "sha256:f9c37ecb173d76cf49e519133fd70851b8f9c38b6b8c1cb7fcfc71368d4cc6fc"
            ],
            "index": "pypi",
            "version": "==2.9.2"
        },
        "python-dateutil": {
            "hashes": [
                "sha256:0123cacc1627ae19ddf3c27a5de5bd67ee4586fbdd6440d9748f8abb483d3e86",
                "sha256:961d03dc3453ebbc59dbdea9e4e11c5651520a876d0f4db161e8674aae935da9"
            ],
            "markers": "python_version >= '2.7' and python_version not in '3.0, 3.1, 3.2, 3.3'",
            "version": "==2.8.2"
        },
        "pytz": {
            "hashes": [
                "sha256:222439474e9c98fced559f1709d89e6c9cbf8d79c794ff3eb9f8800064291427",
                "sha256:e89512406b793ca39f5971bc999cc538ce125c0e51c27941bef4568b460095e2"
            ],
            "version": "==2022.6"
        },
        "requests": {
            "hashes": [
                "sha256:6c1246513ecd5ecd4528a0906f910e8f0f9c6b8ec72030dc9fd154dc1a6efd24",
                "sha256:b8aa58f8cf793ffd8782d3d8cb19e66ef36f7aba4353eec859e74678b01b07a7"
            ],
            "index": "pypi",
            "version": "==2.26.0"
        },
        "s3transfer": {
            "hashes": [
                "sha256:7a6f4c4d1fdb9a2b640244008e142cbc2cd3ae34b386584ef044dd0f27101971",
                "sha256:95c58c194ce657a5f4fb0b9e60a84968c808888aed628cd98ab8771fe1db98ed"
            ],
            "markers": "python_version >= '3.6'",
            "version": "==0.5.2"
        },
        "setuptools": {
            "hashes": [
                "sha256:6211d2f5eddad8757bd0484923ca7c0a6302ebc4ab32ea5e94357176e0ca0840",
                "sha256:d1eebf881c6114e51df1664bc2c9133d022f78d12d5f4f665b9191f084e2862d"
            ],
            "markers": "python_version >= '3.7'",
            "version": "==65.6.0"
        },
        "six": {
            "hashes": [
                "sha256:1e61c37477a1626458e36f7b1d82aa5c9b094fa4802892072e49de9c60c4c926",
                "sha256:8abb2f1d86890a2dfb989f9a77cfcfd3e47c2a354b01111771326f8aa26e0254"
            ],
            "markers": "python_version >= '2.7' and python_version not in '3.0, 3.1, 3.2, 3.3'",
            "version": "==1.16.0"
        },
        "sqlparse": {
            "hashes": [
                "sha256:0323c0ec29cd52bceabc1b4d9d579e311f3e4961b98d174201d5622a23b85e34",
                "sha256:69ca804846bb114d2ec380e4360a8a340db83f0ccf3afceeb1404df028f57268"
            ],
            "markers": "python_version >= '3.5'",
            "version": "==0.4.3"
        },
        "urllib3": {
            "hashes": [
                "sha256:3fa96cf423e6987997fc326ae8df396db2a8b7c667747d47ddd8ecba91f4a74e",
                "sha256:b930dd878d5a8afb066a637fbb35144fe7901e3b209d1cd4f524bd0e9deee997"
            ],
            "markers": "python_version >= '2.7' and python_version not in '3.0, 3.1, 3.2, 3.3, 3.4, 3.5' and python_version < '4'",
            "version": "==1.26.12"
        }
    },
    "develop": {}
}
